// !$*UTF8*$!
{
	archiveVersion = 1;
	classes = {
	};
	objectVersion = 46;
	objects = {

/* Begin PBXBuildFile section */
		3F09163515921A9E005E2948 /* Default.png in Resources */ = {isa = PBXBuildFile; fileRef = 3F09163415921A9D005E2948 /* Default.png */; };
		3F09163715921AA1005E2948 /* Default@2x.png in Resources */ = {isa = PBXBuildFile; fileRef = 3F09163615921AA1005E2948 /* Default@2x.png */; };
		3F09163915921AA9005E2948 /* Default-Portrait~ipad.png in Resources */ = {isa = PBXBuildFile; fileRef = 3F09163815921AA9005E2948 /* Default-Portrait~ipad.png */; };
		3F09163B15921AAD005E2948 /* Default-Portrait@2x~ipad.png in Resources */ = {isa = PBXBuildFile; fileRef = 3F09163A15921AAD005E2948 /* Default-Portrait@2x~ipad.png */; };
		3F09163F15921C2F005E2948 /* Default-Landscape~ipad.png in Resources */ = {isa = PBXBuildFile; fileRef = 3F09163E15921C2F005E2948 /* Default-Landscape~ipad.png */; };
		3F09164115921C32005E2948 /* Default-Landscape@2x~ipad.png in Resources */ = {isa = PBXBuildFile; fileRef = 3F09164015921C32005E2948 /* Default-Landscape@2x~ipad.png */; };
		3F09164515923A0A005E2948 /* Help.m in Sources */ = {isa = PBXBuildFile; fileRef = 3F09164315923A0A005E2948 /* Help.m */; };
		3F09164615923A0A005E2948 /* Help.xib in Resources */ = {isa = PBXBuildFile; fileRef = 3F09164415923A0A005E2948 /* Help.xib */; };
		3F0CBF221587E45400706FB0 /* icon.png in Resources */ = {isa = PBXBuildFile; fileRef = 3F0CBF211587E45400706FB0 /* icon.png */; };
		3F0CBF3D15891D3500706FB0 /* TableViewController.m in Sources */ = {isa = PBXBuildFile; fileRef = 3F0CBF3B15891D3500706FB0 /* TableViewController.m */; };
		3F0CBF4215899BE100706FB0 /* MementoMenu.m in Sources */ = {isa = PBXBuildFile; fileRef = 3F0CBF4015899BE100706FB0 /* MementoMenu.m */; };
		3F0CBF471589A14D00706FB0 /* About.m in Sources */ = {isa = PBXBuildFile; fileRef = 3F0CBF451589A14D00706FB0 /* About.m */; };
		3F0CBF4A1589A40300706FB0 /* About.xib in Resources */ = {isa = PBXBuildFile; fileRef = 3F0CBF491589A40300706FB0 /* About.xib */; };
		3F114B8B158B86FE007C1C2F /* Settings.m in Sources */ = {isa = PBXBuildFile; fileRef = 3F114B89158B86FE007C1C2F /* Settings.m */; };
		3F114B8C158B86FE007C1C2F /* Settings.xib in Resources */ = {isa = PBXBuildFile; fileRef = 3F114B8A158B86FE007C1C2F /* Settings.xib */; };
		3F114B9B158F8891007C1C2F /* YearMenu.m in Sources */ = {isa = PBXBuildFile; fileRef = 3F114B99158F8891007C1C2F /* YearMenu.m */; };
		3F114B9C158F8891007C1C2F /* YearMenu.xib in Resources */ = {isa = PBXBuildFile; fileRef = 3F114B9A158F8891007C1C2F /* YearMenu.xib */; };
		3F114B9E158FD2CC007C1C2F /* iphone_delete_icon.png in Resources */ = {isa = PBXBuildFile; fileRef = 3F114B9D158FD2CC007C1C2F /* iphone_delete_icon.png */; };
		3F2344751582575000CB40B0 /* icon 57.png in Resources */ = {isa = PBXBuildFile; fileRef = 3F2344741582575000CB40B0 /* icon 57.png */; };
		3F2344771582576500CB40B0 /* icon 114.png in Resources */ = {isa = PBXBuildFile; fileRef = 3F2344761582576400CB40B0 /* icon 114.png */; };
		3F2344791582577300CB40B0 /* icon 72.png in Resources */ = {isa = PBXBuildFile; fileRef = 3F2344781582577300CB40B0 /* icon 72.png */; };
		3F23447D158257C800CB40B0 /* icon 144.png in Resources */ = {isa = PBXBuildFile; fileRef = 3F23447C158257C800CB40B0 /* icon 144.png */; };
		3F3D2FDA15701CE80058A45A /* UIKit.framework in Frameworks */ = {isa = PBXBuildFile; fileRef = 3F3D2FD915701CE80058A45A /* UIKit.framework */; };
		3F3D2FDC15701CE80058A45A /* Foundation.framework in Frameworks */ = {isa = PBXBuildFile; fileRef = 3F3D2FDB15701CE80058A45A /* Foundation.framework */; };
		3F3D2FDE15701CE80058A45A /* CoreGraphics.framework in Frameworks */ = {isa = PBXBuildFile; fileRef = 3F3D2FDD15701CE80058A45A /* CoreGraphics.framework */; };
		3F3D2FE415701CE80058A45A /* InfoPlist.strings in Resources */ = {isa = PBXBuildFile; fileRef = 3F3D2FE215701CE80058A45A /* InfoPlist.strings */; };
		3F3D2FE615701CE80058A45A /* main.m in Sources */ = {isa = PBXBuildFile; fileRef = 3F3D2FE515701CE80058A45A /* main.m */; };
		3F3D2FEA15701CE80058A45A /* AppDelegate.m in Sources */ = {isa = PBXBuildFile; fileRef = 3F3D2FE915701CE80058A45A /* AppDelegate.m */; };
		3F3D2FF015701CE80058A45A /* ViewController.m in Sources */ = {isa = PBXBuildFile; fileRef = 3F3D2FEF15701CE80058A45A /* ViewController.m */; };
		3F3D2FF915701D4D0058A45A /* TimegateConnection.m in Sources */ = {isa = PBXBuildFile; fileRef = 3F3D2FF815701D4D0058A45A /* TimegateConnection.m */; };
		3F3D2FFC15701D800058A45A /* Alert.m in Sources */ = {isa = PBXBuildFile; fileRef = 3F3D2FFB15701D800058A45A /* Alert.m */; };
		3F7FBE7815B4CB3F00047784 /* iPadViewController.m in Sources */ = {isa = PBXBuildFile; fileRef = 3F7FBE7715B4CB3F00047784 /* iPadViewController.m */; };
		3F7FBE7B15B4CB5000047784 /* iPadStoryboard.storyboard in Resources */ = {isa = PBXBuildFile; fileRef = 3F7FBE7A15B4CB5000047784 /* iPadStoryboard.storyboard */; };
		3F7FBE7D15B4CBF400047784 /* MainStoryboard.storyboard in Resources */ = {isa = PBXBuildFile; fileRef = 3F7FBE7C15B4CBF400047784 /* MainStoryboard.storyboard */; };
		3F7FBE7F15B4CDAD00047784 /* iOS Simulator Screen shot Jul 13, 2012 3.21.19 PM2.png in Resources */ = {isa = PBXBuildFile; fileRef = 3F7FBE7E15B4CDAD00047784 /* iOS Simulator Screen shot Jul 13, 2012 3.21.19 PM2.png */; };
		3F7FBE8215B5F77E00047784 /* iPad help screen.png in Resources */ = {isa = PBXBuildFile; fileRef = 3F7FBE8015B5F77E00047784 /* iPad help screen.png */; };
		3F7FBE8315B5F77E00047784 /* iPod help screen.png in Resources */ = {isa = PBXBuildFile; fileRef = 3F7FBE8115B5F77E00047784 /* iPod help screen.png */; };
		3F8D532D178F50D200ECC3E2 /* Default-568h@2x.png in Resources */ = {isa = PBXBuildFile; fileRef = 3F8D532C178F50D200ECC3E2 /* Default-568h@2x.png */; };
		3FAED3CE15ADD73600D4BCAF /* TableViewController.xib in Resources */ = {isa = PBXBuildFile; fileRef = 3FAED3CD15ADD73600D4BCAF /* TableViewController.xib */; };
		3FAED3D215ADD74C00D4BCAF /* PageDetails.m in Sources */ = {isa = PBXBuildFile; fileRef = 3FAED3D015ADD74C00D4BCAF /* PageDetails.m */; };
		3FAED3D315ADD74C00D4BCAF /* PageDetails.xib in Resources */ = {isa = PBXBuildFile; fileRef = 3FAED3D115ADD74C00D4BCAF /* PageDetails.xib */; };
/* End PBXBuildFile section */

/* Begin PBXFileReference section */
		3F09163415921A9D005E2948 /* Default.png */ = {isa = PBXFileReference; lastKnownFileType = image.png; name = Default.png; path = ../Default.png; sourceTree = "<group>"; };
		3F09163615921AA1005E2948 /* Default@2x.png */ = {isa = PBXFileReference; lastKnownFileType = image.png; name = "Default@2x.png"; path = "../Default@2x.png"; sourceTree = "<group>"; };
		3F09163815921AA9005E2948 /* Default-Portrait~ipad.png */ = {isa = PBXFileReference; lastKnownFileType = image.png; name = "Default-Portrait~ipad.png"; path = "../Default-Portrait~ipad.png"; sourceTree = "<group>"; };
		3F09163A15921AAD005E2948 /* Default-Portrait@2x~ipad.png */ = {isa = PBXFileReference; lastKnownFileType = image.png; name = "Default-Portrait@2x~ipad.png"; path = "../Default-Portrait@2x~ipad.png"; sourceTree = "<group>"; };
		3F09163E15921C2F005E2948 /* Default-Landscape~ipad.png */ = {isa = PBXFileReference; lastKnownFileType = image.png; name = "Default-Landscape~ipad.png"; path = "../Default-Landscape~ipad.png"; sourceTree = "<group>"; };
		3F09164015921C32005E2948 /* Default-Landscape@2x~ipad.png */ = {isa = PBXFileReference; lastKnownFileType = image.png; name = "Default-Landscape@2x~ipad.png"; path = "../Default-Landscape@2x~ipad.png"; sourceTree = "<group>"; };
		3F09164215923A0A005E2948 /* Help.h */ = {isa = PBXFileReference; fileEncoding = 4; lastKnownFileType = sourcecode.c.h; path = Help.h; sourceTree = "<group>"; };
		3F09164315923A0A005E2948 /* Help.m */ = {isa = PBXFileReference; fileEncoding = 4; lastKnownFileType = sourcecode.c.objc; path = Help.m; sourceTree = "<group>"; };
		3F09164415923A0A005E2948 /* Help.xib */ = {isa = PBXFileReference; fileEncoding = 4; lastKnownFileType = file.xib; path = Help.xib; sourceTree = "<group>"; };
		3F0CBF211587E45400706FB0 /* icon.png */ = {isa = PBXFileReference; lastKnownFileType = image.png; path = icon.png; sourceTree = SOURCE_ROOT; };
		3F0CBF3A15891D3500706FB0 /* TableViewController.h */ = {isa = PBXFileReference; fileEncoding = 4; lastKnownFileType = sourcecode.c.h; name = TableViewController.h; path = ../TableViewController.h; sourceTree = "<group>"; };
		3F0CBF3B15891D3500706FB0 /* TableViewController.m */ = {isa = PBXFileReference; fileEncoding = 4; lastKnownFileType = sourcecode.c.objc; name = TableViewController.m; path = ../TableViewController.m; sourceTree = "<group>"; };
		3F0CBF3F15899BE100706FB0 /* MementoMenu.h */ = {isa = PBXFileReference; fileEncoding = 4; lastKnownFileType = sourcecode.c.h; path = MementoMenu.h; sourceTree = "<group>"; };
		3F0CBF4015899BE100706FB0 /* MementoMenu.m */ = {isa = PBXFileReference; fileEncoding = 4; lastKnownFileType = sourcecode.c.objc; path = MementoMenu.m; sourceTree = "<group>"; };
		3F0CBF441589A14D00706FB0 /* About.h */ = {isa = PBXFileReference; fileEncoding = 4; lastKnownFileType = sourcecode.c.h; path = About.h; sourceTree = "<group>"; };
		3F0CBF451589A14D00706FB0 /* About.m */ = {isa = PBXFileReference; fileEncoding = 4; lastKnownFileType = sourcecode.c.objc; path = About.m; sourceTree = "<group>"; };
		3F0CBF491589A40300706FB0 /* About.xib */ = {isa = PBXFileReference; fileEncoding = 4; lastKnownFileType = file.xib; path = About.xib; sourceTree = "<group>"; };
		3F114B88158B86FE007C1C2F /* Settings.h */ = {isa = PBXFileReference; fileEncoding = 4; lastKnownFileType = sourcecode.c.h; path = Settings.h; sourceTree = "<group>"; };
		3F114B89158B86FE007C1C2F /* Settings.m */ = {isa = PBXFileReference; fileEncoding = 4; lastKnownFileType = sourcecode.c.objc; path = Settings.m; sourceTree = "<group>"; };
		3F114B8A158B86FE007C1C2F /* Settings.xib */ = {isa = PBXFileReference; fileEncoding = 4; lastKnownFileType = file.xib; path = Settings.xib; sourceTree = "<group>"; };
		3F114B98158F8891007C1C2F /* YearMenu.h */ = {isa = PBXFileReference; fileEncoding = 4; lastKnownFileType = sourcecode.c.h; path = YearMenu.h; sourceTree = "<group>"; };
		3F114B99158F8891007C1C2F /* YearMenu.m */ = {isa = PBXFileReference; fileEncoding = 4; lastKnownFileType = sourcecode.c.objc; path = YearMenu.m; sourceTree = "<group>"; };
		3F114B9A158F8891007C1C2F /* YearMenu.xib */ = {isa = PBXFileReference; fileEncoding = 4; lastKnownFileType = file.xib; path = YearMenu.xib; sourceTree = "<group>"; };
		3F114B9D158FD2CC007C1C2F /* iphone_delete_icon.png */ = {isa = PBXFileReference; lastKnownFileType = image.png; path = iphone_delete_icon.png; sourceTree = SOURCE_ROOT; };
		3F23445B157FE0DF00CB40B0 /* iPadViewController.h */ = {isa = PBXFileReference; fileEncoding = 4; lastKnownFileType = sourcecode.c.h; name = iPadViewController.h; path = ../iPadViewController.h; sourceTree = "<group>"; };
		3F2344741582575000CB40B0 /* icon 57.png */ = {isa = PBXFileReference; lastKnownFileType = image.png; name = "icon 57.png"; path = "../icon 57.png"; sourceTree = "<group>"; };
		3F2344761582576400CB40B0 /* icon 114.png */ = {isa = PBXFileReference; lastKnownFileType = image.png; name = "icon 114.png"; path = "../icon 114.png"; sourceTree = "<group>"; };
		3F2344781582577300CB40B0 /* icon 72.png */ = {isa = PBXFileReference; lastKnownFileType = image.png; name = "icon 72.png"; path = "../icon 72.png"; sourceTree = "<group>"; };
		3F23447C158257C800CB40B0 /* icon 144.png */ = {isa = PBXFileReference; lastKnownFileType = image.png; name = "icon 144.png"; path = "../icon 144.png"; sourceTree = "<group>"; };
		3F3D2FD515701CE80058A45A /* Memento.app */ = {isa = PBXFileReference; explicitFileType = wrapper.application; includeInIndex = 0; path = Memento.app; sourceTree = BUILT_PRODUCTS_DIR; };
		3F3D2FD915701CE80058A45A /* UIKit.framework */ = {isa = PBXFileReference; lastKnownFileType = wrapper.framework; name = UIKit.framework; path = System/Library/Frameworks/UIKit.framework; sourceTree = SDKROOT; };
		3F3D2FDB15701CE80058A45A /* Foundation.framework */ = {isa = PBXFileReference; lastKnownFileType = wrapper.framework; name = Foundation.framework; path = System/Library/Frameworks/Foundation.framework; sourceTree = SDKROOT; };
		3F3D2FDD15701CE80058A45A /* CoreGraphics.framework */ = {isa = PBXFileReference; lastKnownFileType = wrapper.framework; name = CoreGraphics.framework; path = System/Library/Frameworks/CoreGraphics.framework; sourceTree = SDKROOT; };
		3F3D2FE115701CE80058A45A /* MementoBrowser-Info.plist */ = {isa = PBXFileReference; lastKnownFileType = text.plist.xml; path = "MementoBrowser-Info.plist"; sourceTree = "<group>"; };
		3F3D2FE315701CE80058A45A /* en */ = {isa = PBXFileReference; lastKnownFileType = text.plist.strings; name = en; path = en.lproj/InfoPlist.strings; sourceTree = "<group>"; };
		3F3D2FE515701CE80058A45A /* main.m */ = {isa = PBXFileReference; lastKnownFileType = sourcecode.c.objc; path = main.m; sourceTree = "<group>"; };
		3F3D2FE715701CE80058A45A /* MementoBrowser-Prefix.pch */ = {isa = PBXFileReference; lastKnownFileType = sourcecode.c.h; path = "MementoBrowser-Prefix.pch"; sourceTree = "<group>"; };
		3F3D2FE815701CE80058A45A /* AppDelegate.h */ = {isa = PBXFileReference; lastKnownFileType = sourcecode.c.h; path = AppDelegate.h; sourceTree = "<group>"; };
		3F3D2FE915701CE80058A45A /* AppDelegate.m */ = {isa = PBXFileReference; lastKnownFileType = sourcecode.c.objc; path = AppDelegate.m; sourceTree = "<group>"; };
		3F3D2FEE15701CE80058A45A /* ViewController.h */ = {isa = PBXFileReference; lastKnownFileType = sourcecode.c.h; path = ViewController.h; sourceTree = "<group>"; };
		3F3D2FEF15701CE80058A45A /* ViewController.m */ = {isa = PBXFileReference; lastKnownFileType = sourcecode.c.objc; path = ViewController.m; sourceTree = "<group>"; };
		3F3D2FF615701D2B0058A45A /* Constants.h */ = {isa = PBXFileReference; lastKnownFileType = sourcecode.c.h; path = Constants.h; sourceTree = "<group>"; };
		3F3D2FF715701D4D0058A45A /* TimegateConnection.h */ = {isa = PBXFileReference; fileEncoding = 4; lastKnownFileType = sourcecode.c.h; path = TimegateConnection.h; sourceTree = "<group>"; };
		3F3D2FF815701D4D0058A45A /* TimegateConnection.m */ = {isa = PBXFileReference; fileEncoding = 4; lastKnownFileType = sourcecode.c.objc; path = TimegateConnection.m; sourceTree = "<group>"; };
		3F3D2FFA15701D800058A45A /* Alert.h */ = {isa = PBXFileReference; fileEncoding = 4; lastKnownFileType = sourcecode.c.h; path = Alert.h; sourceTree = "<group>"; };
		3F3D2FFB15701D800058A45A /* Alert.m */ = {isa = PBXFileReference; fileEncoding = 4; lastKnownFileType = sourcecode.c.objc; path = Alert.m; sourceTree = "<group>"; };
		3F7FBE7715B4CB3F00047784 /* iPadViewController.m */ = {isa = PBXFileReference; fileEncoding = 4; lastKnownFileType = sourcecode.c.objc; path = iPadViewController.m; sourceTree = "<group>"; };
		3F7FBE7A15B4CB5000047784 /* iPadStoryboard.storyboard */ = {isa = PBXFileReference; fileEncoding = 4; lastKnownFileType = file.storyboard; path = iPadStoryboard.storyboard; sourceTree = "<group>"; };
		3F7FBE7C15B4CBF400047784 /* MainStoryboard.storyboard */ = {isa = PBXFileReference; fileEncoding = 4; lastKnownFileType = file.storyboard; path = MainStoryboard.storyboard; sourceTree = "<group>"; };
		3F7FBE7E15B4CDAD00047784 /* iOS Simulator Screen shot Jul 13, 2012 3.21.19 PM2.png */ = {isa = PBXFileReference; lastKnownFileType = image.png; path = "iOS Simulator Screen shot Jul 13, 2012 3.21.19 PM2.png"; sourceTree = SOURCE_ROOT; };
		3F7FBE8015B5F77E00047784 /* iPad help screen.png */ = {isa = PBXFileReference; lastKnownFileType = image.png; path = "iPad help screen.png"; sourceTree = SOURCE_ROOT; };
		3F7FBE8115B5F77E00047784 /* iPod help screen.png */ = {isa = PBXFileReference; lastKnownFileType = image.png; path = "iPod help screen.png"; sourceTree = SOURCE_ROOT; };
		3F8D532C178F50D200ECC3E2 /* Default-568h@2x.png */ = {isa = PBXFileReference; lastKnownFileType = image.png; path = "Default-568h@2x.png"; sourceTree = "<group>"; };
		3FAED3CD15ADD73600D4BCAF /* TableViewController.xib */ = {isa = PBXFileReference; fileEncoding = 4; lastKnownFileType = file.xib; path = TableViewController.xib; sourceTree = SOURCE_ROOT; };
		3FAED3CF15ADD74C00D4BCAF /* PageDetails.h */ = {isa = PBXFileReference; fileEncoding = 4; lastKnownFileType = sourcecode.c.h; path = PageDetails.h; sourceTree = "<group>"; };
		3FAED3D015ADD74C00D4BCAF /* PageDetails.m */ = {isa = PBXFileReference; fileEncoding = 4; lastKnownFileType = sourcecode.c.objc; path = PageDetails.m; sourceTree = "<group>"; };
		3FAED3D115ADD74C00D4BCAF /* PageDetails.xib */ = {isa = PBXFileReference; fileEncoding = 4; lastKnownFileType = file.xib; path = PageDetails.xib; sourceTree = "<group>"; };
/* End PBXFileReference section */

/* Begin PBXFrameworksBuildPhase section */
		3F3D2FD215701CE80058A45A /* Frameworks */ = {
			isa = PBXFrameworksBuildPhase;
			buildActionMask = 2147483647;
			files = (
				3F3D2FDA15701CE80058A45A /* UIKit.framework in Frameworks */,
				3F3D2FDC15701CE80058A45A /* Foundation.framework in Frameworks */,
				3F3D2FDE15701CE80058A45A /* CoreGraphics.framework in Frameworks */,
			);
			runOnlyForDeploymentPostprocessing = 0;
		};
/* End PBXFrameworksBuildPhase section */

/* Begin PBXGroup section */
		3F1BBFB915C81DB100105AEB /* Images */ = {
			isa = PBXGroup;
			children = (
				3F0CBF211587E45400706FB0 /* icon.png */,
				3F23447C158257C800CB40B0 /* icon 144.png */,
				3F2344781582577300CB40B0 /* icon 72.png */,
				3F2344761582576400CB40B0 /* icon 114.png */,
				3F2344741582575000CB40B0 /* icon 57.png */,
				3F7FBE8115B5F77E00047784 /* iPod help screen.png */,
				3F7FBE8015B5F77E00047784 /* iPad help screen.png */,
				3F7FBE7E15B4CDAD00047784 /* iOS Simulator Screen shot Jul 13, 2012 3.21.19 PM2.png */,
				3F09164015921C32005E2948 /* Default-Landscape@2x~ipad.png */,
				3F09163E15921C2F005E2948 /* Default-Landscape~ipad.png */,
				3F09163A15921AAD005E2948 /* Default-Portrait@2x~ipad.png */,
				3F09163815921AA9005E2948 /* Default-Portrait~ipad.png */,
				3F09163615921AA1005E2948 /* Default@2x.png */,
				3F09163415921A9D005E2948 /* Default.png */,
				3F114B9D158FD2CC007C1C2F /* iphone_delete_icon.png */,
			);
			name = Images;
			sourceTree = "<group>";
		};
		3F1BBFBA15C81DE500105AEB /* StoryBoards */ = {
			isa = PBXGroup;
			children = (
				3F7FBE7C15B4CBF400047784 /* MainStoryboard.storyboard */,
				3F7FBE7A15B4CB5000047784 /* iPadStoryboard.storyboard */,
				3FAED3CD15ADD73600D4BCAF /* TableViewController.xib */,
				3FAED3D115ADD74C00D4BCAF /* PageDetails.xib */,
				3F114B8A158B86FE007C1C2F /* Settings.xib */,
				3F114B9A158F8891007C1C2F /* YearMenu.xib */,
				3F0CBF491589A40300706FB0 /* About.xib */,
				3F09164415923A0A005E2948 /* Help.xib */,
			);
			name = StoryBoards;
			sourceTree = "<group>";
		};
		3F1BBFBB15C81E3900105AEB /* Menu */ = {
			isa = PBXGroup;
			children = (
				3F09164215923A0A005E2948 /* Help.h */,
				3F09164315923A0A005E2948 /* Help.m */,
				3FAED3CF15ADD74C00D4BCAF /* PageDetails.h */,
				3FAED3D015ADD74C00D4BCAF /* PageDetails.m */,
				3F114B88158B86FE007C1C2F /* Settings.h */,
				3F114B89158B86FE007C1C2F /* Settings.m */,
				3F114B98158F8891007C1C2F /* YearMenu.h */,
				3F114B99158F8891007C1C2F /* YearMenu.m */,
				3F0CBF3B15891D3500706FB0 /* TableViewController.m */,
				3F0CBF3A15891D3500706FB0 /* TableViewController.h */,
				3F0CBF3F15899BE100706FB0 /* MementoMenu.h */,
				3F0CBF4015899BE100706FB0 /* MementoMenu.m */,
				3F0CBF441589A14D00706FB0 /* About.h */,
				3F0CBF451589A14D00706FB0 /* About.m */,
			);
			name = Menu;
			sourceTree = "<group>";
		};
		3F3D2FCA15701CE80058A45A = {
			isa = PBXGroup;
			children = (
				3F8D532C178F50D200ECC3E2 /* Default-568h@2x.png */,
				3F3D2FDF15701CE80058A45A /* MementoBrowser */,
				3F3D2FD815701CE80058A45A /* Frameworks */,
				3F3D2FD615701CE80058A45A /* Products */,
			);
			sourceTree = "<group>";
		};
		3F3D2FD615701CE80058A45A /* Products */ = {
			isa = PBXGroup;
			children = (
				3F3D2FD515701CE80058A45A /* Memento.app */,
			);
			name = Products;
			sourceTree = "<group>";
		};
		3F3D2FD815701CE80058A45A /* Frameworks */ = {
			isa = PBXGroup;
			children = (
				3F3D2FD915701CE80058A45A /* UIKit.framework */,
				3F3D2FDB15701CE80058A45A /* Foundation.framework */,
				3F3D2FDD15701CE80058A45A /* CoreGraphics.framework */,
			);
			name = Frameworks;
			sourceTree = "<group>";
		};
		3F3D2FDF15701CE80058A45A /* MementoBrowser */ = {
			isa = PBXGroup;
			children = (
				3F1BBFBB15C81E3900105AEB /* Menu */,
				3F1BBFBA15C81DE500105AEB /* StoryBoards */,
				3F3D2FE015701CE80058A45A /* Supporting Files */,
				3F1BBFB915C81DB100105AEB /* Images */,
				3F7FBE7715B4CB3F00047784 /* iPadViewController.m */,
				3F3D2FEF15701CE80058A45A /* ViewController.m */,
				3F23445B157FE0DF00CB40B0 /* iPadViewController.h */,
				3F3D2FEE15701CE80058A45A /* ViewController.h */,
			);
			path = MementoBrowser;
			sourceTree = "<group>";
		};
		3F3D2FE015701CE80058A45A /* Supporting Files */ = {
			isa = PBXGroup;
			children = (
				3F3D2FF615701D2B0058A45A /* Constants.h */,
				3F3D2FFA15701D800058A45A /* Alert.h */,
				3F3D2FFB15701D800058A45A /* Alert.m */,
				3F3D2FE815701CE80058A45A /* AppDelegate.h */,
				3F3D2FE915701CE80058A45A /* AppDelegate.m */,
				3F3D2FF715701D4D0058A45A /* TimegateConnection.h */,
				3F3D2FF815701D4D0058A45A /* TimegateConnection.m */,
				3F3D2FE115701CE80058A45A /* MementoBrowser-Info.plist */,
				3F3D2FE215701CE80058A45A /* InfoPlist.strings */,
				3F3D2FE515701CE80058A45A /* main.m */,
				3F3D2FE715701CE80058A45A /* MementoBrowser-Prefix.pch */,
			);
			name = "Supporting Files";
			sourceTree = "<group>";
		};
/* End PBXGroup section */

/* Begin PBXNativeTarget section */
		3F3D2FD415701CE80058A45A /* MementoBrowser */ = {
			isa = PBXNativeTarget;
			buildConfigurationList = 3F3D2FF315701CE80058A45A /* Build configuration list for PBXNativeTarget "MementoBrowser" */;
			buildPhases = (
				3F3D2FD115701CE80058A45A /* Sources */,
				3F3D2FD215701CE80058A45A /* Frameworks */,
				3F3D2FD315701CE80058A45A /* Resources */,
			);
			buildRules = (
			);
			dependencies = (
			);
			name = MementoBrowser;
			productName = MementoBrowser;
			productReference = 3F3D2FD515701CE80058A45A /* Memento.app */;
			productType = "com.apple.product-type.application";
		};
/* End PBXNativeTarget section */

/* Begin PBXProject section */
		3F3D2FCC15701CE80058A45A /* Project object */ = {
			isa = PBXProject;
			attributes = {
				LastUpgradeCheck = 0430;
			};
			buildConfigurationList = 3F3D2FCF15701CE80058A45A /* Build configuration list for PBXProject "MementoBrowser" */;
			compatibilityVersion = "Xcode 3.2";
			developmentRegion = English;
			hasScannedForEncodings = 0;
			knownRegions = (
				en,
			);
			mainGroup = 3F3D2FCA15701CE80058A45A;
			productRefGroup = 3F3D2FD615701CE80058A45A /* Products */;
			projectDirPath = "";
			projectRoot = "";
			targets = (
				3F3D2FD415701CE80058A45A /* MementoBrowser */,
			);
		};
/* End PBXProject section */

/* Begin PBXResourcesBuildPhase section */
		3F3D2FD315701CE80058A45A /* Resources */ = {
			isa = PBXResourcesBuildPhase;
			buildActionMask = 2147483647;
			files = (
				3F3D2FE415701CE80058A45A /* InfoPlist.strings in Resources */,
				3F2344751582575000CB40B0 /* icon 57.png in Resources */,
				3F2344771582576500CB40B0 /* icon 114.png in Resources */,
				3F2344791582577300CB40B0 /* icon 72.png in Resources */,
				3F23447D158257C800CB40B0 /* icon 144.png in Resources */,
				3F0CBF221587E45400706FB0 /* icon.png in Resources */,
				3F0CBF4A1589A40300706FB0 /* About.xib in Resources */,
				3F114B8C158B86FE007C1C2F /* Settings.xib in Resources */,
				3F114B9C158F8891007C1C2F /* YearMenu.xib in Resources */,
				3F114B9E158FD2CC007C1C2F /* iphone_delete_icon.png in Resources */,
				3F09163515921A9E005E2948 /* Default.png in Resources */,
				3F09163715921AA1005E2948 /* Default@2x.png in Resources */,
				3F09163915921AA9005E2948 /* Default-Portrait~ipad.png in Resources */,
				3F09163B15921AAD005E2948 /* Default-Portrait@2x~ipad.png in Resources */,
				3F09163F15921C2F005E2948 /* Default-Landscape~ipad.png in Resources */,
				3F09164115921C32005E2948 /* Default-Landscape@2x~ipad.png in Resources */,
				3F09164615923A0A005E2948 /* Help.xib in Resources */,
				3FAED3CE15ADD73600D4BCAF /* TableViewController.xib in Resources */,
				3FAED3D315ADD74C00D4BCAF /* PageDetails.xib in Resources */,
				3F7FBE7B15B4CB5000047784 /* iPadStoryboard.storyboard in Resources */,
				3F7FBE7D15B4CBF400047784 /* MainStoryboard.storyboard in Resources */,
				3F7FBE7F15B4CDAD00047784 /* iOS Simulator Screen shot Jul 13, 2012 3.21.19 PM2.png in Resources */,
				3F7FBE8215B5F77E00047784 /* iPad help screen.png in Resources */,
				3F7FBE8315B5F77E00047784 /* iPod help screen.png in Resources */,
				3F8D532D178F50D200ECC3E2 /* Default-568h@2x.png in Resources */,
			);
			runOnlyForDeploymentPostprocessing = 0;
		};
/* End PBXResourcesBuildPhase section */

/* Begin PBXSourcesBuildPhase section */
		3F3D2FD115701CE80058A45A /* Sources */ = {
			isa = PBXSourcesBuildPhase;
			buildActionMask = 2147483647;
			files = (
				3F3D2FE615701CE80058A45A /* main.m in Sources */,
				3F3D2FEA15701CE80058A45A /* AppDelegate.m in Sources */,
				3F3D2FF015701CE80058A45A /* ViewController.m in Sources */,
				3F3D2FF915701D4D0058A45A /* TimegateConnection.m in Sources */,
				3F3D2FFC15701D800058A45A /* Alert.m in Sources */,
				3F0CBF3D15891D3500706FB0 /* TableViewController.m in Sources */,
				3F0CBF4215899BE100706FB0 /* MementoMenu.m in Sources */,
				3F0CBF471589A14D00706FB0 /* About.m in Sources */,
				3F114B8B158B86FE007C1C2F /* Settings.m in Sources */,
				3F114B9B158F8891007C1C2F /* YearMenu.m in Sources */,
				3F09164515923A0A005E2948 /* Help.m in Sources */,
				3FAED3D215ADD74C00D4BCAF /* PageDetails.m in Sources */,
				3F7FBE7815B4CB3F00047784 /* iPadViewController.m in Sources */,
			);
			runOnlyForDeploymentPostprocessing = 0;
		};
/* End PBXSourcesBuildPhase section */

/* Begin PBXVariantGroup section */
		3F3D2FE215701CE80058A45A /* InfoPlist.strings */ = {
			isa = PBXVariantGroup;
			children = (
				3F3D2FE315701CE80058A45A /* en */,
			);
			name = InfoPlist.strings;
			sourceTree = "<group>";
		};
/* End PBXVariantGroup section */

/* Begin XCBuildConfiguration section */
		3F3D2FF115701CE80058A45A /* Debug */ = {
			isa = XCBuildConfiguration;
			buildSettings = {
				ALWAYS_SEARCH_USER_PATHS = NO;
				ARCHS = "$(ARCHS_STANDARD_32_BIT)";
				CLANG_ENABLE_OBJC_ARC = YES;
				CODE_SIGN_IDENTITY = "iPhone Developer: Frank McCown (RGV782PPRP)";
				"CODE_SIGN_IDENTITY[sdk=iphoneos*]" = "iPhone Developer: Frank McCown (RGV782PPRP)";
				COPY_PHASE_STRIP = NO;
				GCC_C_LANGUAGE_STANDARD = gnu99;
				GCC_DYNAMIC_NO_PIC = NO;
				GCC_OPTIMIZATION_LEVEL = 0;
				GCC_PREPROCESSOR_DEFINITIONS = (
					"DEBUG=1",
					"$(inherited)",
				);
				GCC_SYMBOLS_PRIVATE_EXTERN = NO;
				GCC_VERSION = com.apple.compilers.llvm.clang.1_0;
				GCC_WARN_ABOUT_RETURN_TYPE = YES;
				GCC_WARN_UNINITIALIZED_AUTOS = YES;
				GCC_WARN_UNUSED_VARIABLE = YES;
				IPHONEOS_DEPLOYMENT_TARGET = 5.1;
				PROVISIONING_PROFILE = "1CB97C02-669F-4790-AC3E-529DE6C14109";
				"PROVISIONING_PROFILE[sdk=iphoneos*]" = "1CB97C02-669F-4790-AC3E-529DE6C14109";
				SDKROOT = iphoneos;
			};
			name = Debug;
		};
		3F3D2FF215701CE80058A45A /* Release */ = {
			isa = XCBuildConfiguration;
			buildSettings = {
				ALWAYS_SEARCH_USER_PATHS = NO;
				ARCHS = "$(ARCHS_STANDARD_32_BIT)";
				CLANG_ENABLE_OBJC_ARC = YES;
				CODE_SIGN_IDENTITY = "iPhone Developer: Frank McCown (RGV782PPRP)";
				"CODE_SIGN_IDENTITY[sdk=iphoneos*]" = "iPhone Developer: Frank McCown (RGV782PPRP)";
				COPY_PHASE_STRIP = YES;
				GCC_C_LANGUAGE_STANDARD = gnu99;
				GCC_VERSION = com.apple.compilers.llvm.clang.1_0;
				GCC_WARN_ABOUT_RETURN_TYPE = YES;
				GCC_WARN_UNINITIALIZED_AUTOS = YES;
				GCC_WARN_UNUSED_VARIABLE = YES;
				IPHONEOS_DEPLOYMENT_TARGET = 5.1;
				OTHER_CFLAGS = "-DNS_BLOCK_ASSERTIONS=1";
				PROVISIONING_PROFILE = "1CB97C02-669F-4790-AC3E-529DE6C14109";
				"PROVISIONING_PROFILE[sdk=iphoneos*]" = "1CB97C02-669F-4790-AC3E-529DE6C14109";
				SDKROOT = iphoneos;
				VALIDATE_PRODUCT = YES;
			};
			name = Release;
		};
		3F3D2FF415701CE80058A45A /* Debug */ = {
			isa = XCBuildConfiguration;
			buildSettings = {
				CODE_SIGN_IDENTITY = "";
				"CODE_SIGN_IDENTITY[sdk=*]" = "iPhone Developer: Frank McCown (RGV782PPRP)";
				"CODE_SIGN_IDENTITY[sdk=iphoneos*]" = "iPhone Developer: Frank McCown (RGV782PPRP)";
				GCC_PRECOMPILE_PREFIX_HEADER = YES;
				GCC_PREFIX_HEADER = "MementoBrowser/MementoBrowser-Prefix.pch";
				INFOPLIST_FILE = "MementoBrowser/MementoBrowser-Info.plist";
				IPHONEOS_DEPLOYMENT_TARGET = 5.1;
				New_Setting = "";
				PRODUCT_NAME = Memento;
				"PROVISIONING_PROFILE[sdk=*]" = "98345070-1206-4BD4-846F-397CAA0601AF";
				"PROVISIONING_PROFILE[sdk=iphoneos*]" = "98345070-1206-4BD4-846F-397CAA0601AF";
				TARGETED_DEVICE_FAMILY = "1,2";
				WRAPPER_EXTENSION = app;
			};
			name = Debug;
		};
		3F3D2FF515701CE80058A45A /* Release */ = {
			isa = XCBuildConfiguration;
			buildSettings = {
				CODE_SIGN_IDENTITY = "iPhone Distribution: Frank McCown (6JEV74CS4V)";
				"CODE_SIGN_IDENTITY[sdk=iphoneos*]" = "iPhone Distribution: Frank McCown (6JEV74CS4V)";
				GCC_PRECOMPILE_PREFIX_HEADER = YES;
				GCC_PREFIX_HEADER = "MementoBrowser/MementoBrowser-Prefix.pch";
				INFOPLIST_FILE = "MementoBrowser/MementoBrowser-Info.plist";
				IPHONEOS_DEPLOYMENT_TARGET = 5.1;
				New_Setting = "";
				PRODUCT_NAME = Memento;
				PROVISIONING_PROFILE = "A5D74FFC-92B5-48C3-B333-5F212D6DF311";
				"PROVISIONING_PROFILE[sdk=iphoneos*]" = "A5D74FFC-92B5-48C3-B333-5F212D6DF311";
				TARGETED_DEVICE_FAMILY = "1,2";
				WRAPPER_EXTENSION = app;
			};
			name = Release;
		};
/* End XCBuildConfiguration section */

/* Begin XCConfigurationList section */
		3F3D2FCF15701CE80058A45A /* Build configuration list for PBXProject "MementoBrowser" */ = {
			isa = XCConfigurationList;
			buildConfigurations = (
				3F3D2FF115701CE80058A45A /* Debug */,
				3F3D2FF215701CE80058A45A /* Release */,
			);
			defaultConfigurationIsVisible = 0;
			defaultConfigurationName = Release;
		};
		3F3D2FF315701CE80058A45A /* Build configuration list for PBXNativeTarget "MementoBrowser" */ = {
			isa = XCConfigurationList;
			buildConfigurations = (
				3F3D2FF415701CE80058A45A /* Debug */,
				3F3D2FF515701CE80058A45A /* Release */,
			);
			defaultConfigurationIsVisible = 0;
			defaultConfigurationName = Release;
		};
/* End XCConfigurationList section */
	};
	rootObject = 3F3D2FCC15701CE80058A45A /* Project object */;
}
